
Microsoft Visual Studio Solution File, Format Version 12.00
# Visual Studio Version 17
VisualStudioVersion = 17.11.35312.102
MinimumVisualStudioVersion = 10.0.40219.1
Project("{8BC9CEB8-8B4A-11D0-8D11-00A0C91BC942}") = "BlockBoard", "BlockBoard\BlockBoard.vcxproj", "{092CDC23-B519-4A6A-A4EC-B961E4299CAE}"
EndProject
Global
	GlobalSection(SolutionConfigurationPlatforms) = preSolution
		Debug|x64 = Debug|x64
		Debug|x86 = Debug|x86
		Release|x64 = Release|x64
		Release|x86 = Release|x86
	EndGlobalSection
	GlobalSection(ProjectConfigurationPlatforms) = postSolution
		{092CDC23-B519-4A6A-A4EC-B961E4299CAE}.Debug|x64.ActiveCfg = Debug|x64
		{092CDC23-B519-4A6A-A4EC-B961E4299CAE}.Debug|x64.Build.0 = Debug|x64
		{092CDC23-B519-4A6A-A4EC-B961E4299CAE}.Debug|x86.ActiveCfg = Debug|Win32
		{092CDC23-B519-4A6A-A4EC-B961E4299CAE}.Debug|x86.Build.0 = Debug|Win32
		{092CDC23-B519-4A6A-A4EC-B961E4299CAE}.Release|x64.ActiveCfg = Release|x64
		{092CDC23-B519-4A6A-A4EC-B961E4299CAE}.Release|x64.Build.0 = Release|x64
		{092CDC23-B519-4A6A-A4EC-B961E4299CAE}.Release|x86.ActiveCfg = Release|Win32
		{092CDC23-B519-4A6A-A4EC-B961E4299CAE}.Release|x86.Build.0 = Release|Win32
	EndGlobalSection
	GlobalSection(SolutionProperties) = preSolution
		HideSolutionNode = FALSE
	EndGlobalSection
	GlobalSection(ExtensibilityGlobals) = postSolution
		SolutionGuid = {41D3FEDE-8095-400E-9FDA-91BBD3E0AE34}
	EndGlobalSection
EndGlobal
